<?xml version="1.0" encoding="utf-8"?>
<Project ToolsVersion="4.0" xmlns="http://schemas.microsoft.com/developer/msbuild/2003">
  <ItemGroup>
    <Filter Include="Source Files">
      <UniqueIdentifier>{eda60cf7-c2ec-42e4-ae19-6647e2439afb}</UniqueIdentifier>
    </Filter>
    <Filter Include="Generated Files">
      <UniqueIdentifier>{8d6ee7b9-ae7b-4a32-821c-be8a945c694f}</UniqueIdentifier>
      <SourceControlFiles>False</SourceControlFiles>
    </Filter>
  </ItemGroup>
  <ItemGroup>
    <None Include="SampleATLProjps.def" />
  </ItemGroup>
  <ItemGroup>
    <ClCompile Include="SampleATLProj_i.c">
      <Filter>Generated Files</Filter>
    </ClCompile>
    <ClCompile Include="SampleATLProj_p.c">
      <Filter>Generated Files</Filter>
    </ClCompile>
    <ClCompile Include="dlldata.c">
      <Filter>Generated Files</Filter>
    </ClCompile>
  </ItemGroup>
</Project>